
Microsoft Visual Studio Solution File, Format Version 12.00
# Visual Studio 15
VisualStudioVersion = 15.0.27130.2027
MinimumVisualStudioVersion = 10.0.40219.1
Project("{888888A0-9F3D-457C-B088-3A5042F75D52}") = "awesome_python3_webapp", "awesome_python3_webapp\awesome_python3_webapp.pyproj", "{DA370A86-2880-498C-8B86-C92EAE415CAD}"
EndProject
Global
	GlobalSection(SolutionConfigurationPlatforms) = preSolution
		Debug|Any CPU = Debug|Any CPU
		Release|Any CPU = Release|Any CPU
	EndGlobalSection
	GlobalSection(ProjectConfigurationPlatforms) = postSolution
		{DA370A86-2880-498C-8B86-C92EAE415CAD}.Debug|Any CPU.ActiveCfg = Debug|Any CPU
		{DA370A86-2880-498C-8B86-C92EAE415CAD}.Release|Any CPU.ActiveCfg = Release|Any CPU
	EndGlobalSection
	GlobalSection(SolutionProperties) = preSolution
		HideSolutionNode = FALSE
	EndGlobalSection
	GlobalSection(ExtensibilityGlobals) = postSolution
		SolutionGuid = {FAC9BA5A-21D6-4697-85BF-EBD12785BBEC}
	EndGlobalSection
EndGlobal
